// !$*UTF8*$!
{
	archiveVersion = 1;
	classes = {
	};
	objectVersion = 50;
	objects = {

/* Begin PBXBuildFile section */
		2A15D3FD20CF37E8006B9BD4 /* EmployeeEntryViewController.swift in Sources */ = {isa = PBXBuildFile; fileRef = 2A15D3FC20CF37E8006B9BD4 /* EmployeeEntryViewController.swift */; };
		2A27FE7E20CF2BFE00FC8949 /* AppDelegate.swift in Sources */ = {isa = PBXBuildFile; fileRef = 2A27FE7D20CF2BFE00FC8949 /* AppDelegate.swift */; };
		2A27FE8020CF2BFE00FC8949 /* TipEntryViewController.swift in Sources */ = {isa = PBXBuildFile; fileRef = 2A27FE7F20CF2BFE00FC8949 /* TipEntryViewController.swift */; };
		2A27FE8320CF2BFE00FC8949 /* Main.storyboard in Resources */ = {isa = PBXBuildFile; fileRef = 2A27FE8120CF2BFE00FC8949 /* Main.storyboard */; };
		2A27FE8620CF2BFE00FC8949 /* TipPoolCalc.xcdatamodeld in Sources */ = {isa = PBXBuildFile; fileRef = 2A27FE8420CF2BFE00FC8949 /* TipPoolCalc.xcdatamodeld */; };
		2A27FE8820CF2C0200FC8949 /* Assets.xcassets in Resources */ = {isa = PBXBuildFile; fileRef = 2A27FE8720CF2C0200FC8949 /* Assets.xcassets */; };
		2A27FE8B20CF2C0200FC8949 /* LaunchScreen.storyboard in Resources */ = {isa = PBXBuildFile; fileRef = 2A27FE8920CF2C0200FC8949 /* LaunchScreen.storyboard */; };
/* End PBXBuildFile section */

/* Begin PBXFileReference section */
		2A15D3FC20CF37E8006B9BD4 /* EmployeeEntryViewController.swift */ = {isa = PBXFileReference; lastKnownFileType = sourcecode.swift; path = EmployeeEntryViewController.swift; sourceTree = "<group>"; };
		2A27FE7A20CF2BFE00FC8949 /* TipPoolCalc.app */ = {isa = PBXFileReference; explicitFileType = wrapper.application; includeInIndex = 0; path = TipPoolCalc.app; sourceTree = BUILT_PRODUCTS_DIR; };
		2A27FE7D20CF2BFE00FC8949 /* AppDelegate.swift */ = {isa = PBXFileReference; lastKnownFileType = sourcecode.swift; path = AppDelegate.swift; sourceTree = "<group>"; };
		2A27FE7F20CF2BFE00FC8949 /* TipEntryViewController.swift */ = {isa = PBXFileReference; lastKnownFileType = sourcecode.swift; path = TipEntryViewController.swift; sourceTree = "<group>"; };
		2A27FE8220CF2BFE00FC8949 /* Base */ = {isa = PBXFileReference; lastKnownFileType = file.storyboard; name = Base; path = Base.lproj/Main.storyboard; sourceTree = "<group>"; };
		2A27FE8520CF2BFE00FC8949 /* TipPoolCalc.xcdatamodel */ = {isa = PBXFileReference; lastKnownFileType = wrapper.xcdatamodel; path = TipPoolCalc.xcdatamodel; sourceTree = "<group>"; };
		2A27FE8720CF2C0200FC8949 /* Assets.xcassets */ = {isa = PBXFileReference; lastKnownFileType = folder.assetcatalog; path = Assets.xcassets; sourceTree = "<group>"; };
		2A27FE8A20CF2C0200FC8949 /* Base */ = {isa = PBXFileReference; lastKnownFileType = file.storyboard; name = Base; path = Base.lproj/LaunchScreen.storyboard; sourceTree = "<group>"; };
		2A27FE8C20CF2C0200FC8949 /* Info.plist */ = {isa = PBXFileReference; lastKnownFileType = text.plist.xml; path = Info.plist; sourceTree = "<group>"; };
/* End PBXFileReference section */

/* Begin PBXFrameworksBuildPhase section */
		2A27FE7720CF2BFE00FC8949 /* Frameworks */ = {
			isa = PBXFrameworksBuildPhase;
			buildActionMask = 2147483647;
			files = (
			);
			runOnlyForDeploymentPostprocessing = 0;
		};
/* End PBXFrameworksBuildPhase section */

/* Begin PBXGroup section */
		2A27FE7120CF2BFE00FC8949 = {
			isa = PBXGroup;
			children = (
				2A27FE7C20CF2BFE00FC8949 /* TipPoolCalc */,
				2A27FE7B20CF2BFE00FC8949 /* Products */,
			);
			sourceTree = "<group>";
		};
		2A27FE7B20CF2BFE00FC8949 /* Products */ = {
			isa = PBXGroup;
			children = (
				2A27FE7A20CF2BFE00FC8949 /* TipPoolCalc.app */,
			);
			name = Products;
			sourceTree = "<group>";
		};
		2A27FE7C20CF2BFE00FC8949 /* TipPoolCalc */ = {
			isa = PBXGroup;
			children = (
				2A27FE7D20CF2BFE00FC8949 /* AppDelegate.swift */,
				2A27FE7F20CF2BFE00FC8949 /* TipEntryViewController.swift */,
				2A15D3FC20CF37E8006B9BD4 /* EmployeeEntryViewController.swift */,
				2A27FE8120CF2BFE00FC8949 /* Main.storyboard */,
				2A27FE8720CF2C0200FC8949 /* Assets.xcassets */,
				2A27FE8920CF2C0200FC8949 /* LaunchScreen.storyboard */,
				2A27FE8C20CF2C0200FC8949 /* Info.plist */,
				2A27FE8420CF2BFE00FC8949 /* TipPoolCalc.xcdatamodeld */,
			);
			path = TipPoolCalc;
			sourceTree = "<group>";
		};
/* End PBXGroup section */

/* Begin PBXNativeTarget section */
		2A27FE7920CF2BFE00FC8949 /* TipPoolCalc */ = {
			isa = PBXNativeTarget;
			buildConfigurationList = 2A27FE8F20CF2C0200FC8949 /* Build configuration list for PBXNativeTarget "TipPoolCalc" */;
			buildPhases = (
				2A27FE7620CF2BFE00FC8949 /* Sources */,
				2A27FE7720CF2BFE00FC8949 /* Frameworks */,
				2A27FE7820CF2BFE00FC8949 /* Resources */,
			);
			buildRules = (
			);
			dependencies = (
			);
			name = TipPoolCalc;
			productName = TipPoolCalc;
			productReference = 2A27FE7A20CF2BFE00FC8949 /* TipPoolCalc.app */;
			productType = "com.apple.product-type.application";
		};
/* End PBXNativeTarget section */

/* Begin PBXProject section */
		2A27FE7220CF2BFE00FC8949 /* Project object */ = {
			isa = PBXProject;
			attributes = {
				LastSwiftUpdateCheck = 1000;
				LastUpgradeCheck = 1000;
				ORGANIZATIONNAME = SwiftyMF;
				TargetAttributes = {
					2A27FE7920CF2BFE00FC8949 = {
						CreatedOnToolsVersion = 10.0;
					};
				};
			};
			buildConfigurationList = 2A27FE7520CF2BFE00FC8949 /* Build configuration list for PBXProject "TipPoolCalc" */;
			compatibilityVersion = "Xcode 9.3";
			developmentRegion = en;
			hasScannedForEncodings = 0;
			knownRegions = (
				en,
				Base,
			);
			mainGroup = 2A27FE7120CF2BFE00FC8949;
			productRefGroup = 2A27FE7B20CF2BFE00FC8949 /* Products */;
			projectDirPath = "";
			projectRoot = "";
			targets = (
				2A27FE7920CF2BFE00FC8949 /* TipPoolCalc */,
			);
		};
/* End PBXProject section */

/* Begin PBXResourcesBuildPhase section */
		2A27FE7820CF2BFE00FC8949 /* Resources */ = {
			isa = PBXResourcesBuildPhase;
			buildActionMask = 2147483647;
			files = (
				2A27FE8B20CF2C0200FC8949 /* LaunchScreen.storyboard in Resources */,
				2A27FE8820CF2C0200FC8949 /* Assets.xcassets in Resources */,
				2A27FE8320CF2BFE00FC8949 /* Main.storyboard in Resources */,
			);
			runOnlyForDeploymentPostprocessing = 0;
		};
/* End PBXResourcesBuildPhase section */

/* Begin PBXSourcesBuildPhase section */
		2A27FE7620CF2BFE00FC8949 /* Sources */ = {
			isa = PBXSourcesBuildPhase;
			buildActionMask = 2147483647;
			files = (
				2A27FE8020CF2BFE00FC8949 /* TipEntryViewController.swift in Sources */,
				2A27FE7E20CF2BFE00FC8949 /* AppDelegate.swift in Sources */,
				2A27FE8620CF2BFE00FC8949 /* TipPoolCalc.xcdatamodeld in Sources */,
				2A15D3FD20CF37E8006B9BD4 /* EmployeeEntryViewController.swift in Sources */,
			);
			runOnlyForDeploymentPostprocessing = 0;
		};
/* End PBXSourcesBuildPhase section */

/* Begin PBXVariantGroup section */
		2A27FE8120CF2BFE00FC8949 /* Main.storyboard */ = {
			isa = PBXVariantGroup;
			children = (
				2A27FE8220CF2BFE00FC8949 /* Base */,
			);
			name = Main.storyboard;
			sourceTree = "<group>";
		};
		2A27FE8920CF2C0200FC8949 /* LaunchScreen.storyboard */ = {
			isa = PBXVariantGroup;
			children = (
				2A27FE8A20CF2C0200FC8949 /* Base */,
			);
			name = LaunchScreen.storyboard;
			sourceTree = "<group>";
		};
/* End PBXVariantGroup section */

/* Begin XCBuildConfiguration section */
		2A27FE8D20CF2C0200FC8949 /* Debug */ = {
			isa = XCBuildConfiguration;
			buildSettings = {
				ALWAYS_SEARCH_USER_PATHS = NO;
				CLANG_ANALYZER_NONNULL = YES;
				CLANG_ANALYZER_NUMBER_OBJECT_CONVERSION = YES_AGGRESSIVE;
				CLANG_CXX_LANGUAGE_STANDARD = "gnu++14";
				CLANG_CXX_LIBRARY = "libc++";
				CLANG_ENABLE_MODULES = YES;
				CLANG_ENABLE_OBJC_ARC = YES;
				CLANG_ENABLE_OBJC_WEAK = YES;
				CLANG_WARN_BLOCK_CAPTURE_AUTORELEASING = YES;
				CLANG_WARN_BOOL_CONVERSION = YES;
				CLANG_WARN_COMMA = YES;
				CLANG_WARN_CONSTANT_CONVERSION = YES;
				CLANG_WARN_DEPRECATED_OBJC_IMPLEMENTATIONS = YES;
				CLANG_WARN_DIRECT_OBJC_ISA_USAGE = YES_ERROR;
				CLANG_WARN_DOCUMENTATION_COMMENTS = YES;
				CLANG_WARN_EMPTY_BODY = YES;
				CLANG_WARN_ENUM_CONVERSION = YES;
				CLANG_WARN_INFINITE_RECURSION = YES;
				CLANG_WARN_INT_CONVERSION = YES;
				CLANG_WARN_NON_LITERAL_NULL_CONVERSION = YES;
				CLANG_WARN_OBJC_IMPLICIT_RETAIN_SELF = YES;
				CLANG_WARN_OBJC_LITERAL_CONVERSION = YES;
				CLANG_WARN_OBJC_ROOT_CLASS = YES_ERROR;
				CLANG_WARN_RANGE_LOOP_ANALYSIS = YES;
				CLANG_WARN_STRICT_PROTOTYPES = YES;
				CLANG_WARN_SUSPICIOUS_MOVE = YES;
				CLANG_WARN_UNGUARDED_AVAILABILITY = YES_AGGRESSIVE;
				CLANG_WARN_UNREACHABLE_CODE = YES;
				CLANG_WARN__DUPLICATE_METHOD_MATCH = YES;
				CODE_SIGN_IDENTITY = "iPhone Developer";
				COPY_PHASE_STRIP = NO;
				DEBUG_INFORMATION_FORMAT = dwarf;
				ENABLE_STRICT_OBJC_MSGSEND = YES;
				ENABLE_TESTABILITY = YES;
				GCC_C_LANGUAGE_STANDARD = gnu11;
				GCC_DYNAMIC_NO_PIC = NO;
				GCC_NO_COMMON_BLOCKS = YES;
				GCC_OPTIMIZATION_LEVEL = 0;
				GCC_PREPROCESSOR_DEFINITIONS = (
					"DEBUG=1",
					"$(inherited)",
				);
				GCC_WARN_64_TO_32_BIT_CONVERSION = YES;
				GCC_WARN_ABOUT_RETURN_TYPE = YES_ERROR;
				GCC_WARN_UNDECLARED_SELECTOR = YES;
				GCC_WARN_UNINITIALIZED_AUTOS = YES_AGGRESSIVE;
				GCC_WARN_UNUSED_FUNCTION = YES;
				GCC_WARN_UNUSED_VARIABLE = YES;
				IPHONEOS_DEPLOYMENT_TARGET = 12.0;
				MTL_ENABLE_DEBUG_INFO = INCLUDE_SOURCE;
				ONLY_ACTIVE_ARCH = YES;
				SDKROOT = iphoneos;
				SWIFT_ACTIVE_COMPILATION_CONDITIONS = DEBUG;
				SWIFT_OPTIMIZATION_LEVEL = "-Onone";
			};
			name = Debug;
		};
		2A27FE8E20CF2C0200FC8949 /* Release */ = {
			isa = XCBuildConfiguration;
			buildSettings = {
				ALWAYS_SEARCH_USER_PATHS = NO;
				CLANG_ANALYZER_NONNULL = YES;
				CLANG_ANALYZER_NUMBER_OBJECT_CONVERSION = YES_AGGRESSIVE;
				CLANG_CXX_LANGUAGE_STANDARD = "gnu++14";
				CLANG_CXX_LIBRARY = "libc++";
				CLANG_ENABLE_MODULES = YES;
				CLANG_ENABLE_OBJC_ARC = YES;
				CLANG_ENABLE_OBJC_WEAK = YES;
				CLANG_WARN_BLOCK_CAPTURE_AUTORELEASING = YES;
				CLANG_WARN_BOOL_CONVERSION = YES;
				CLANG_WARN_COMMA = YES;
				CLANG_WARN_CONSTANT_CONVERSION = YES;
				CLANG_WARN_DEPRECATED_OBJC_IMPLEMENTATIONS = YES;
				CLANG_WARN_DIRECT_OBJC_ISA_USAGE = YES_ERROR;
				CLANG_WARN_DOCUMENTATION_COMMENTS = YES;
				CLANG_WARN_EMPTY_BODY = YES;
				CLANG_WARN_ENUM_CONVERSION = YES;
				CLANG_WARN_INFINITE_RECURSION = YES;
				CLANG_WARN_INT_CONVERSION = YES;
				CLANG_WARN_NON_LITERAL_NULL_CONVERSION = YES;
				CLANG_WARN_OBJC_IMPLICIT_RETAIN_SELF = YES;
				CLANG_WARN_OBJC_LITERAL_CONVERSION = YES;
				CLANG_WARN_OBJC_ROOT_CLASS = YES_ERROR;
				CLANG_WARN_RANGE_LOOP_ANALYSIS = YES;
				CLANG_WARN_STRICT_PROTOTYPES = YES;
				CLANG_WARN_SUSPICIOUS_MOVE = YES;
				CLANG_WARN_UNGUARDED_AVAILABILITY = YES_AGGRESSIVE;
				CLANG_WARN_UNREACHABLE_CODE = YES;
				CLANG_WARN__DUPLICATE_METHOD_MATCH = YES;
				CODE_SIGN_IDENTITY = "iPhone Developer";
				COPY_PHASE_STRIP = NO;
				DEBUG_INFORMATION_FORMAT = "dwarf-with-dsym";
				ENABLE_NS_ASSERTIONS = NO;
				ENABLE_STRICT_OBJC_MSGSEND = YES;
				GCC_C_LANGUAGE_STANDARD = gnu11;
				GCC_NO_COMMON_BLOCKS = YES;
				GCC_WARN_64_TO_32_BIT_CONVERSION = YES;
				GCC_WARN_ABOUT_RETURN_TYPE = YES_ERROR;
				GCC_WARN_UNDECLARED_SELECTOR = YES;
				GCC_WARN_UNINITIALIZED_AUTOS = YES_AGGRESSIVE;
				GCC_WARN_UNUSED_FUNCTION = YES;
				GCC_WARN_UNUSED_VARIABLE = YES;
				IPHONEOS_DEPLOYMENT_TARGET = 12.0;
				MTL_ENABLE_DEBUG_INFO = NO;
				SDKROOT = iphoneos;
				SWIFT_COMPILATION_MODE = wholemodule;
				SWIFT_OPTIMIZATION_LEVEL = "-O";
				VALIDATE_PRODUCT = YES;
			};
			name = Release;
		};
		2A27FE9020CF2C0200FC8949 /* Debug */ = {
			isa = XCBuildConfiguration;
			buildSettings = {
				ASSETCATALOG_COMPILER_APPICON_NAME = AppIcon;
				CODE_SIGN_STYLE = Automatic;
				DEVELOPMENT_TEAM = NYZ637VQH4;
				INFOPLIST_FILE = TipPoolCalc/Info.plist;
				LD_RUNPATH_SEARCH_PATHS = (
					"$(inherited)",
					"@executable_path/Frameworks",
				);
				PRODUCT_BUNDLE_IDENTIFIER = com.markith.TipPoolCalc;
				PRODUCT_NAME = "$(TARGET_NAME)";
				SWIFT_VERSION = 4.2;
				TARGETED_DEVICE_FAMILY = "1,2";
			};
			name = Debug;
		};
		2A27FE9120CF2C0200FC8949 /* Release */ = {
			isa = XCBuildConfiguration;
			buildSettings = {
				ASSETCATALOG_COMPILER_APPICON_NAME = AppIcon;
				CODE_SIGN_STYLE = Automatic;
				DEVELOPMENT_TEAM = NYZ637VQH4;
				INFOPLIST_FILE = TipPoolCalc/Info.plist;
				LD_RUNPATH_SEARCH_PATHS = (
					"$(inherited)",
					"@executable_path/Frameworks",
				);
				PRODUCT_BUNDLE_IDENTIFIER = com.markith.TipPoolCalc;
				PRODUCT_NAME = "$(TARGET_NAME)";
				SWIFT_VERSION = 4.2;
				TARGETED_DEVICE_FAMILY = "1,2";
			};
			name = Release;
		};
/* End XCBuildConfiguration section */

/* Begin XCConfigurationList section */
		2A27FE7520CF2BFE00FC8949 /* Build configuration list for PBXProject "TipPoolCalc" */ = {
			isa = XCConfigurationList;
			buildConfigurations = (
				2A27FE8D20CF2C0200FC8949 /* Debug */,
				2A27FE8E20CF2C0200FC8949 /* Release */,
			);
			defaultConfigurationIsVisible = 0;
			defaultConfigurationName = Release;
		};
		2A27FE8F20CF2C0200FC8949 /* Build configuration list for PBXNativeTarget "TipPoolCalc" */ = {
			isa = XCConfigurationList;
			buildConfigurations = (
				2A27FE9020CF2C0200FC8949 /* Debug */,
				2A27FE9120CF2C0200FC8949 /* Release */,
			);
			defaultConfigurationIsVisible = 0;
			defaultConfigurationName = Release;
		};
/* End XCConfigurationList section */

/* Begin XCVersionGroup section */
		2A27FE8420CF2BFE00FC8949 /* TipPoolCalc.xcdatamodeld */ = {
			isa = XCVersionGroup;
			children = (
				2A27FE8520CF2BFE00FC8949 /* TipPoolCalc.xcdatamodel */,
			);
			currentVersion = 2A27FE8520CF2BFE00FC8949 /* TipPoolCalc.xcdatamodel */;
			path = TipPoolCalc.xcdatamodeld;
			sourceTree = "<group>";
			versionGroupType = wrapper.xcdatamodel;
		};
/* End XCVersionGroup section */
	};
	rootObject = 2A27FE7220CF2BFE00FC8949 /* Project object */;
}
